
Microsoft Visual Studio Solution File, Format Version 12.00
# Visual Studio 15
VisualStudioVersion = 15.0.26124.0
MinimumVisualStudioVersion = 15.0.26124.0
Project("{FAE04EC0-301F-11D3-BF4B-00C04F79EFBC}") = "Source", "Source\Source.csproj", "{DCE1973A-6C02-487F-A889-755E7F7DD65F}"
EndProject
Project("{FAE04EC0-301F-11D3-BF4B-00C04F79EFBC}") = "Source.Tests", "Source.Tests\Source.Tests.csproj", "{9644B613-FC51-4B1C-8CD5-7BAB2AEF07C8}"
EndProject
Global
	GlobalSection(SolutionConfigurationPlatforms) = preSolution
		Debug|Any CPU = Debug|Any CPU
		Debug|x64 = Debug|x64
		Debug|x86 = Debug|x86
		Release|Any CPU = Release|Any CPU
		Release|x64 = Release|x64
		Release|x86 = Release|x86
	EndGlobalSection
	GlobalSection(SolutionProperties) = preSolution
		HideSolutionNode = FALSE
	EndGlobalSection
	GlobalSection(ProjectConfigurationPlatforms) = postSolution
		{DCE1973A-6C02-487F-A889-755E7F7DD65F}.Debug|Any CPU.ActiveCfg = Debug|Any CPU
		{DCE1973A-6C02-487F-A889-755E7F7DD65F}.Debug|Any CPU.Build.0 = Debug|Any CPU
		{DCE1973A-6C02-487F-A889-755E7F7DD65F}.Debug|x64.ActiveCfg = Debug|Any CPU
		{DCE1973A-6C02-487F-A889-755E7F7DD65F}.Debug|x64.Build.0 = Debug|Any CPU
		{DCE1973A-6C02-487F-A889-755E7F7DD65F}.Debug|x86.ActiveCfg = Debug|Any CPU
		{DCE1973A-6C02-487F-A889-755E7F7DD65F}.Debug|x86.Build.0 = Debug|Any CPU
		{DCE1973A-6C02-487F-A889-755E7F7DD65F}.Release|Any CPU.ActiveCfg = Release|Any CPU
		{DCE1973A-6C02-487F-A889-755E7F7DD65F}.Release|Any CPU.Build.0 = Release|Any CPU
		{DCE1973A-6C02-487F-A889-755E7F7DD65F}.Release|x64.ActiveCfg = Release|Any CPU
		{DCE1973A-6C02-487F-A889-755E7F7DD65F}.Release|x64.Build.0 = Release|Any CPU
		{DCE1973A-6C02-487F-A889-755E7F7DD65F}.Release|x86.ActiveCfg = Release|Any CPU
		{DCE1973A-6C02-487F-A889-755E7F7DD65F}.Release|x86.Build.0 = Release|Any CPU
		{9644B613-FC51-4B1C-8CD5-7BAB2AEF07C8}.Debug|Any CPU.ActiveCfg = Debug|Any CPU
		{9644B613-FC51-4B1C-8CD5-7BAB2AEF07C8}.Debug|Any CPU.Build.0 = Debug|Any CPU
		{9644B613-FC51-4B1C-8CD5-7BAB2AEF07C8}.Debug|x64.ActiveCfg = Debug|Any CPU
		{9644B613-FC51-4B1C-8CD5-7BAB2AEF07C8}.Debug|x64.Build.0 = Debug|Any CPU
		{9644B613-FC51-4B1C-8CD5-7BAB2AEF07C8}.Debug|x86.ActiveCfg = Debug|Any CPU
		{9644B613-FC51-4B1C-8CD5-7BAB2AEF07C8}.Debug|x86.Build.0 = Debug|Any CPU
		{9644B613-FC51-4B1C-8CD5-7BAB2AEF07C8}.Release|Any CPU.ActiveCfg = Release|Any CPU
		{9644B613-FC51-4B1C-8CD5-7BAB2AEF07C8}.Release|Any CPU.Build.0 = Release|Any CPU
		{9644B613-FC51-4B1C-8CD5-7BAB2AEF07C8}.Release|x64.ActiveCfg = Release|Any CPU
		{9644B613-FC51-4B1C-8CD5-7BAB2AEF07C8}.Release|x64.Build.0 = Release|Any CPU
		{9644B613-FC51-4B1C-8CD5-7BAB2AEF07C8}.Release|x86.ActiveCfg = Release|Any CPU
		{9644B613-FC51-4B1C-8CD5-7BAB2AEF07C8}.Release|x86.Build.0 = Release|Any CPU
	EndGlobalSection
EndGlobal
